
Microsoft Visual Studio Solution File, Format Version 12.00
# Visual Studio Version 17
VisualStudioVersion = 17.13.35806.99
MinimumVisualStudioVersion = 10.0.40219.1
Project("{8BC9CEB8-8B4A-11D0-8D11-00A0C91BC942}") = "CStudy", "CStudy\CStudy.vcxproj", "{92DF421F-1FC6-44B3-990E-D96D32BF2C3B}"
EndProject
Project("{2150E333-8FDC-42A3-9474-1A3956D46DE8}") = "CH 1", "CH 1", "{C8D5274F-AC00-46C7-1F8D-E88E81087A52}"
EndProject
Project("{8BC9CEB8-8B4A-11D0-8D11-00A0C91BC942}") = "Ch1", "Ch11\Ch11.vcxproj", "{37EAAC26-F543-4A76-8480-55C451549DB6}"
EndProject
Project("{2150E333-8FDC-42A3-9474-1A3956D46DE8}") = "CH 2", "CH 2", "{CB65C2F1-A66C-4AF3-99AC-1E974A03185E}"
EndProject
Project("{8BC9CEB8-8B4A-11D0-8D11-00A0C91BC942}") = "Ch2", "Ch2\Ch2.vcxproj", "{124F43AD-02DC-4F11-B6CE-99A738BA1EB3}"
EndProject
Project("{2150E333-8FDC-42A3-9474-1A3956D46DE8}") = "CH 3", "CH 3", "{9F9257C9-BFDF-4C0D-859E-E0A24EA68212}"
EndProject
Project("{8BC9CEB8-8B4A-11D0-8D11-00A0C91BC942}") = "Operator", "Operator\Operator.vcxproj", "{5598CD03-E963-448B-A4CF-B12830728F75}"
EndProject
Project("{2150E333-8FDC-42A3-9474-1A3956D46DE8}") = "CH 4", "CH 4", "{1FE351B6-8E84-4C1D-9E33-448936B3D93A}"
EndProject
Project("{8BC9CEB8-8B4A-11D0-8D11-00A0C91BC942}") = "Ch4", "Ch4\Ch4.vcxproj", "{56A9FDA2-5479-4087-B9E4-4F614D92A759}"
EndProject
Global
	GlobalSection(SolutionConfigurationPlatforms) = preSolution
		Debug|x64 = Debug|x64
		Debug|x86 = Debug|x86
		Release|x64 = Release|x64
		Release|x86 = Release|x86
	EndGlobalSection
	GlobalSection(ProjectConfigurationPlatforms) = postSolution
		{92DF421F-1FC6-44B3-990E-D96D32BF2C3B}.Debug|x64.ActiveCfg = Debug|x64
		{92DF421F-1FC6-44B3-990E-D96D32BF2C3B}.Debug|x64.Build.0 = Debug|x64
		{92DF421F-1FC6-44B3-990E-D96D32BF2C3B}.Debug|x86.ActiveCfg = Debug|Win32
		{92DF421F-1FC6-44B3-990E-D96D32BF2C3B}.Debug|x86.Build.0 = Debug|Win32
		{92DF421F-1FC6-44B3-990E-D96D32BF2C3B}.Release|x64.ActiveCfg = Release|x64
		{92DF421F-1FC6-44B3-990E-D96D32BF2C3B}.Release|x64.Build.0 = Release|x64
		{92DF421F-1FC6-44B3-990E-D96D32BF2C3B}.Release|x86.ActiveCfg = Release|Win32
		{92DF421F-1FC6-44B3-990E-D96D32BF2C3B}.Release|x86.Build.0 = Release|Win32
		{37EAAC26-F543-4A76-8480-55C451549DB6}.Debug|x64.ActiveCfg = Debug|x64
		{37EAAC26-F543-4A76-8480-55C451549DB6}.Debug|x64.Build.0 = Debug|x64
		{37EAAC26-F543-4A76-8480-55C451549DB6}.Debug|x86.ActiveCfg = Debug|Win32
		{37EAAC26-F543-4A76-8480-55C451549DB6}.Debug|x86.Build.0 = Debug|Win32
		{37EAAC26-F543-4A76-8480-55C451549DB6}.Release|x64.ActiveCfg = Release|x64
		{37EAAC26-F543-4A76-8480-55C451549DB6}.Release|x64.Build.0 = Release|x64
		{37EAAC26-F543-4A76-8480-55C451549DB6}.Release|x86.ActiveCfg = Release|Win32
		{37EAAC26-F543-4A76-8480-55C451549DB6}.Release|x86.Build.0 = Release|Win32
		{124F43AD-02DC-4F11-B6CE-99A738BA1EB3}.Debug|x64.ActiveCfg = Debug|x64
		{124F43AD-02DC-4F11-B6CE-99A738BA1EB3}.Debug|x64.Build.0 = Debug|x64
		{124F43AD-02DC-4F11-B6CE-99A738BA1EB3}.Debug|x86.ActiveCfg = Debug|Win32
		{124F43AD-02DC-4F11-B6CE-99A738BA1EB3}.Debug|x86.Build.0 = Debug|Win32
		{124F43AD-02DC-4F11-B6CE-99A738BA1EB3}.Release|x64.ActiveCfg = Release|x64
		{124F43AD-02DC-4F11-B6CE-99A738BA1EB3}.Release|x64.Build.0 = Release|x64
		{124F43AD-02DC-4F11-B6CE-99A738BA1EB3}.Release|x86.ActiveCfg = Release|Win32
		{124F43AD-02DC-4F11-B6CE-99A738BA1EB3}.Release|x86.Build.0 = Release|Win32
		{5598CD03-E963-448B-A4CF-B12830728F75}.Debug|x64.ActiveCfg = Debug|x64
		{5598CD03-E963-448B-A4CF-B12830728F75}.Debug|x64.Build.0 = Debug|x64
		{5598CD03-E963-448B-A4CF-B12830728F75}.Debug|x86.ActiveCfg = Debug|Win32
		{5598CD03-E963-448B-A4CF-B12830728F75}.Debug|x86.Build.0 = Debug|Win32
		{5598CD03-E963-448B-A4CF-B12830728F75}.Release|x64.ActiveCfg = Release|x64
		{5598CD03-E963-448B-A4CF-B12830728F75}.Release|x64.Build.0 = Release|x64
		{5598CD03-E963-448B-A4CF-B12830728F75}.Release|x86.ActiveCfg = Release|Win32
		{5598CD03-E963-448B-A4CF-B12830728F75}.Release|x86.Build.0 = Release|Win32
		{56A9FDA2-5479-4087-B9E4-4F614D92A759}.Debug|x64.ActiveCfg = Debug|x64
		{56A9FDA2-5479-4087-B9E4-4F614D92A759}.Debug|x64.Build.0 = Debug|x64
		{56A9FDA2-5479-4087-B9E4-4F614D92A759}.Debug|x86.ActiveCfg = Debug|Win32
		{56A9FDA2-5479-4087-B9E4-4F614D92A759}.Debug|x86.Build.0 = Debug|Win32
		{56A9FDA2-5479-4087-B9E4-4F614D92A759}.Release|x64.ActiveCfg = Release|x64
		{56A9FDA2-5479-4087-B9E4-4F614D92A759}.Release|x64.Build.0 = Release|x64
		{56A9FDA2-5479-4087-B9E4-4F614D92A759}.Release|x86.ActiveCfg = Release|Win32
		{56A9FDA2-5479-4087-B9E4-4F614D92A759}.Release|x86.Build.0 = Release|Win32
	EndGlobalSection
	GlobalSection(SolutionProperties) = preSolution
		HideSolutionNode = FALSE
	EndGlobalSection
	GlobalSection(NestedProjects) = preSolution
		{37EAAC26-F543-4A76-8480-55C451549DB6} = {C8D5274F-AC00-46C7-1F8D-E88E81087A52}
		{124F43AD-02DC-4F11-B6CE-99A738BA1EB3} = {CB65C2F1-A66C-4AF3-99AC-1E974A03185E}
		{5598CD03-E963-448B-A4CF-B12830728F75} = {9F9257C9-BFDF-4C0D-859E-E0A24EA68212}
		{56A9FDA2-5479-4087-B9E4-4F614D92A759} = {1FE351B6-8E84-4C1D-9E33-448936B3D93A}
	EndGlobalSection
	GlobalSection(ExtensibilityGlobals) = postSolution
		SolutionGuid = {5667A3B1-FDEA-4D56-837F-725CDC9D6EEA}
	EndGlobalSection
EndGlobal
