
Microsoft Visual Studio Solution File, Format Version 12.00
# Visual Studio Version 17
VisualStudioVersion = 17.13.35806.99
MinimumVisualStudioVersion = 10.0.40219.1
Project("{8BC9CEB8-8B4A-11D0-8D11-00A0C91BC942}") = "CStudy", "CStudy\CStudy.vcxproj", "{92DF421F-1FC6-44B3-990E-D96D32BF2C3B}"
EndProject
Project("{2150E333-8FDC-42A3-9474-1A3956D46DE8}") = "CH 1", "CH 1", "{C8D5274F-AC00-46C7-1F8D-E88E81087A52}"
EndProject
Project("{8BC9CEB8-8B4A-11D0-8D11-00A0C91BC942}") = "Ch1", "Ch11\Ch11.vcxproj", "{37EAAC26-F543-4A76-8480-55C451549DB6}"
EndProject
Project("{2150E333-8FDC-42A3-9474-1A3956D46DE8}") = "CH 2", "CH 2", "{CB65C2F1-A66C-4AF3-99AC-1E974A03185E}"
EndProject
Project("{8BC9CEB8-8B4A-11D0-8D11-00A0C91BC942}") = "Ch2", "Ch2\Ch2.vcxproj", "{124F43AD-02DC-4F11-B6CE-99A738BA1EB3}"
EndProject
Project("{2150E333-8FDC-42A3-9474-1A3956D46DE8}") = "CH 3", "CH 3", "{9F9257C9-BFDF-4C0D-859E-E0A24EA68212}"
EndProject
Project("{8BC9CEB8-8B4A-11D0-8D11-00A0C91BC942}") = "Operator", "Operator\Operator.vcxproj", "{5598CD03-E963-448B-A4CF-B12830728F75}"
EndProject
Project("{2150E333-8FDC-42A3-9474-1A3956D46DE8}") = "CH 4", "CH 4", "{1FE351B6-8E84-4C1D-9E33-448936B3D93A}"
EndProject
Project("{8BC9CEB8-8B4A-11D0-8D11-00A0C91BC942}") = "Ch4", "Ch4\Ch4.vcxproj", "{56A9FDA2-5479-4087-B9E4-4F614D92A759}"
EndProject
Project("{2150E333-8FDC-42A3-9474-1A3956D46DE8}") = "CH 5", "CH 5", "{E6169675-AE4A-458A-845C-C6181C997401}"
EndProject
Project("{8BC9CEB8-8B4A-11D0-8D11-00A0C91BC942}") = "Ch5", "Ch5\Ch5.vcxproj", "{C442EA96-F96A-463A-8949-AC1B40746B62}"
EndProject
Project("{2150E333-8FDC-42A3-9474-1A3956D46DE8}") = "CH 6", "CH 6", "{7DCA0A18-720B-466E-8902-D0E4866A8478}"
EndProject
Project("{8BC9CEB8-8B4A-11D0-8D11-00A0C91BC942}") = "Ch 6", "Ch 6\Ch 6.vcxproj", "{263EAD59-0312-4F6B-8460-A253C8DE0150}"
EndProject
Project("{2150E333-8FDC-42A3-9474-1A3956D46DE8}") = "CH 7", "CH 7", "{CF8B52B7-C480-46B4-B779-F507BBE39468}"
EndProject
Project("{8BC9CEB8-8B4A-11D0-8D11-00A0C91BC942}") = "Ch 7", "Ch 7\Ch 7.vcxproj", "{8A3EEB9C-D41D-4472-9373-DC168CBF6785}"
EndProject
Project("{2150E333-8FDC-42A3-9474-1A3956D46DE8}") = "CH 8", "CH 8", "{A95507A0-6CE4-439A-8165-0E782385AC92}"
EndProject
Project("{8BC9CEB8-8B4A-11D0-8D11-00A0C91BC942}") = "Ch 8", "Ch 8\Ch 8.vcxproj", "{E48A627A-7AFA-4E52-87B2-0D99035E308F}"
EndProject
Project("{2150E333-8FDC-42A3-9474-1A3956D46DE8}") = "CH 9", "CH 9", "{7125DE56-2E6A-43AC-AB70-A108106E53A1}"
EndProject
Project("{8BC9CEB8-8B4A-11D0-8D11-00A0C91BC942}") = "Ch 9", "Ch 9\Ch 9.vcxproj", "{672A398F-7025-4EB8-9DA3-715A45C4776B}"
EndProject
Project("{2150E333-8FDC-42A3-9474-1A3956D46DE8}") = "CH 10", "CH 10", "{EFBA5283-1CE3-4CE7-B2FC-F8F6D0B34D7B}"
EndProject
Project("{8BC9CEB8-8B4A-11D0-8D11-00A0C91BC942}") = "Ch 10", "Ch 10\Ch 10.vcxproj", "{DA15C8D9-367D-4F24-8818-32B976241022}"
EndProject
Global
	GlobalSection(SolutionConfigurationPlatforms) = preSolution
		Debug|x64 = Debug|x64
		Debug|x86 = Debug|x86
		Release|x64 = Release|x64
		Release|x86 = Release|x86
	EndGlobalSection
	GlobalSection(ProjectConfigurationPlatforms) = postSolution
		{92DF421F-1FC6-44B3-990E-D96D32BF2C3B}.Debug|x64.ActiveCfg = Debug|x64
		{92DF421F-1FC6-44B3-990E-D96D32BF2C3B}.Debug|x64.Build.0 = Debug|x64
		{92DF421F-1FC6-44B3-990E-D96D32BF2C3B}.Debug|x86.ActiveCfg = Debug|Win32
		{92DF421F-1FC6-44B3-990E-D96D32BF2C3B}.Debug|x86.Build.0 = Debug|Win32
		{92DF421F-1FC6-44B3-990E-D96D32BF2C3B}.Release|x64.ActiveCfg = Release|x64
		{92DF421F-1FC6-44B3-990E-D96D32BF2C3B}.Release|x64.Build.0 = Release|x64
		{92DF421F-1FC6-44B3-990E-D96D32BF2C3B}.Release|x86.ActiveCfg = Release|Win32
		{92DF421F-1FC6-44B3-990E-D96D32BF2C3B}.Release|x86.Build.0 = Release|Win32
		{37EAAC26-F543-4A76-8480-55C451549DB6}.Debug|x64.ActiveCfg = Debug|x64
		{37EAAC26-F543-4A76-8480-55C451549DB6}.Debug|x64.Build.0 = Debug|x64
		{37EAAC26-F543-4A76-8480-55C451549DB6}.Debug|x86.ActiveCfg = Debug|Win32
		{37EAAC26-F543-4A76-8480-55C451549DB6}.Debug|x86.Build.0 = Debug|Win32
		{37EAAC26-F543-4A76-8480-55C451549DB6}.Release|x64.ActiveCfg = Release|x64
		{37EAAC26-F543-4A76-8480-55C451549DB6}.Release|x64.Build.0 = Release|x64
		{37EAAC26-F543-4A76-8480-55C451549DB6}.Release|x86.ActiveCfg = Release|Win32
		{37EAAC26-F543-4A76-8480-55C451549DB6}.Release|x86.Build.0 = Release|Win32
		{124F43AD-02DC-4F11-B6CE-99A738BA1EB3}.Debug|x64.ActiveCfg = Debug|x64
		{124F43AD-02DC-4F11-B6CE-99A738BA1EB3}.Debug|x64.Build.0 = Debug|x64
		{124F43AD-02DC-4F11-B6CE-99A738BA1EB3}.Debug|x86.ActiveCfg = Debug|Win32
		{124F43AD-02DC-4F11-B6CE-99A738BA1EB3}.Debug|x86.Build.0 = Debug|Win32
		{124F43AD-02DC-4F11-B6CE-99A738BA1EB3}.Release|x64.ActiveCfg = Release|x64
		{124F43AD-02DC-4F11-B6CE-99A738BA1EB3}.Release|x64.Build.0 = Release|x64
		{124F43AD-02DC-4F11-B6CE-99A738BA1EB3}.Release|x86.ActiveCfg = Release|Win32
		{124F43AD-02DC-4F11-B6CE-99A738BA1EB3}.Release|x86.Build.0 = Release|Win32
		{5598CD03-E963-448B-A4CF-B12830728F75}.Debug|x64.ActiveCfg = Debug|x64
		{5598CD03-E963-448B-A4CF-B12830728F75}.Debug|x64.Build.0 = Debug|x64
		{5598CD03-E963-448B-A4CF-B12830728F75}.Debug|x86.ActiveCfg = Debug|Win32
		{5598CD03-E963-448B-A4CF-B12830728F75}.Debug|x86.Build.0 = Debug|Win32
		{5598CD03-E963-448B-A4CF-B12830728F75}.Release|x64.ActiveCfg = Release|x64
		{5598CD03-E963-448B-A4CF-B12830728F75}.Release|x64.Build.0 = Release|x64
		{5598CD03-E963-448B-A4CF-B12830728F75}.Release|x86.ActiveCfg = Release|Win32
		{5598CD03-E963-448B-A4CF-B12830728F75}.Release|x86.Build.0 = Release|Win32
		{56A9FDA2-5479-4087-B9E4-4F614D92A759}.Debug|x64.ActiveCfg = Debug|x64
		{56A9FDA2-5479-4087-B9E4-4F614D92A759}.Debug|x64.Build.0 = Debug|x64
		{56A9FDA2-5479-4087-B9E4-4F614D92A759}.Debug|x86.ActiveCfg = Debug|Win32
		{56A9FDA2-5479-4087-B9E4-4F614D92A759}.Debug|x86.Build.0 = Debug|Win32
		{56A9FDA2-5479-4087-B9E4-4F614D92A759}.Release|x64.ActiveCfg = Release|x64
		{56A9FDA2-5479-4087-B9E4-4F614D92A759}.Release|x64.Build.0 = Release|x64
		{56A9FDA2-5479-4087-B9E4-4F614D92A759}.Release|x86.ActiveCfg = Release|Win32
		{56A9FDA2-5479-4087-B9E4-4F614D92A759}.Release|x86.Build.0 = Release|Win32
		{C442EA96-F96A-463A-8949-AC1B40746B62}.Debug|x64.ActiveCfg = Debug|x64
		{C442EA96-F96A-463A-8949-AC1B40746B62}.Debug|x64.Build.0 = Debug|x64
		{C442EA96-F96A-463A-8949-AC1B40746B62}.Debug|x86.ActiveCfg = Debug|Win32
		{C442EA96-F96A-463A-8949-AC1B40746B62}.Debug|x86.Build.0 = Debug|Win32
		{C442EA96-F96A-463A-8949-AC1B40746B62}.Release|x64.ActiveCfg = Release|x64
		{C442EA96-F96A-463A-8949-AC1B40746B62}.Release|x64.Build.0 = Release|x64
		{C442EA96-F96A-463A-8949-AC1B40746B62}.Release|x86.ActiveCfg = Release|Win32
		{C442EA96-F96A-463A-8949-AC1B40746B62}.Release|x86.Build.0 = Release|Win32
		{263EAD59-0312-4F6B-8460-A253C8DE0150}.Debug|x64.ActiveCfg = Debug|x64
		{263EAD59-0312-4F6B-8460-A253C8DE0150}.Debug|x64.Build.0 = Debug|x64
		{263EAD59-0312-4F6B-8460-A253C8DE0150}.Debug|x86.ActiveCfg = Debug|Win32
		{263EAD59-0312-4F6B-8460-A253C8DE0150}.Debug|x86.Build.0 = Debug|Win32
		{263EAD59-0312-4F6B-8460-A253C8DE0150}.Release|x64.ActiveCfg = Release|x64
		{263EAD59-0312-4F6B-8460-A253C8DE0150}.Release|x64.Build.0 = Release|x64
		{263EAD59-0312-4F6B-8460-A253C8DE0150}.Release|x86.ActiveCfg = Release|Win32
		{263EAD59-0312-4F6B-8460-A253C8DE0150}.Release|x86.Build.0 = Release|Win32
		{8A3EEB9C-D41D-4472-9373-DC168CBF6785}.Debug|x64.ActiveCfg = Debug|x64
		{8A3EEB9C-D41D-4472-9373-DC168CBF6785}.Debug|x64.Build.0 = Debug|x64
		{8A3EEB9C-D41D-4472-9373-DC168CBF6785}.Debug|x86.ActiveCfg = Debug|Win32
		{8A3EEB9C-D41D-4472-9373-DC168CBF6785}.Debug|x86.Build.0 = Debug|Win32
		{8A3EEB9C-D41D-4472-9373-DC168CBF6785}.Release|x64.ActiveCfg = Release|x64
		{8A3EEB9C-D41D-4472-9373-DC168CBF6785}.Release|x64.Build.0 = Release|x64
		{8A3EEB9C-D41D-4472-9373-DC168CBF6785}.Release|x86.ActiveCfg = Release|Win32
		{8A3EEB9C-D41D-4472-9373-DC168CBF6785}.Release|x86.Build.0 = Release|Win32
		{E48A627A-7AFA-4E52-87B2-0D99035E308F}.Debug|x64.ActiveCfg = Debug|x64
		{E48A627A-7AFA-4E52-87B2-0D99035E308F}.Debug|x64.Build.0 = Debug|x64
		{E48A627A-7AFA-4E52-87B2-0D99035E308F}.Debug|x86.ActiveCfg = Debug|Win32
		{E48A627A-7AFA-4E52-87B2-0D99035E308F}.Debug|x86.Build.0 = Debug|Win32
		{E48A627A-7AFA-4E52-87B2-0D99035E308F}.Release|x64.ActiveCfg = Release|x64
		{E48A627A-7AFA-4E52-87B2-0D99035E308F}.Release|x64.Build.0 = Release|x64
		{E48A627A-7AFA-4E52-87B2-0D99035E308F}.Release|x86.ActiveCfg = Release|Win32
		{E48A627A-7AFA-4E52-87B2-0D99035E308F}.Release|x86.Build.0 = Release|Win32
		{672A398F-7025-4EB8-9DA3-715A45C4776B}.Debug|x64.ActiveCfg = Debug|x64
		{672A398F-7025-4EB8-9DA3-715A45C4776B}.Debug|x64.Build.0 = Debug|x64
		{672A398F-7025-4EB8-9DA3-715A45C4776B}.Debug|x86.ActiveCfg = Debug|Win32
		{672A398F-7025-4EB8-9DA3-715A45C4776B}.Debug|x86.Build.0 = Debug|Win32
		{672A398F-7025-4EB8-9DA3-715A45C4776B}.Release|x64.ActiveCfg = Release|x64
		{672A398F-7025-4EB8-9DA3-715A45C4776B}.Release|x64.Build.0 = Release|x64
		{672A398F-7025-4EB8-9DA3-715A45C4776B}.Release|x86.ActiveCfg = Release|Win32
		{672A398F-7025-4EB8-9DA3-715A45C4776B}.Release|x86.Build.0 = Release|Win32
		{DA15C8D9-367D-4F24-8818-32B976241022}.Debug|x64.ActiveCfg = Debug|x64
		{DA15C8D9-367D-4F24-8818-32B976241022}.Debug|x64.Build.0 = Debug|x64
		{DA15C8D9-367D-4F24-8818-32B976241022}.Debug|x86.ActiveCfg = Debug|Win32
		{DA15C8D9-367D-4F24-8818-32B976241022}.Debug|x86.Build.0 = Debug|Win32
		{DA15C8D9-367D-4F24-8818-32B976241022}.Release|x64.ActiveCfg = Release|x64
		{DA15C8D9-367D-4F24-8818-32B976241022}.Release|x64.Build.0 = Release|x64
		{DA15C8D9-367D-4F24-8818-32B976241022}.Release|x86.ActiveCfg = Release|Win32
		{DA15C8D9-367D-4F24-8818-32B976241022}.Release|x86.Build.0 = Release|Win32
	EndGlobalSection
	GlobalSection(SolutionProperties) = preSolution
		HideSolutionNode = FALSE
	EndGlobalSection
	GlobalSection(NestedProjects) = preSolution
		{37EAAC26-F543-4A76-8480-55C451549DB6} = {C8D5274F-AC00-46C7-1F8D-E88E81087A52}
		{124F43AD-02DC-4F11-B6CE-99A738BA1EB3} = {CB65C2F1-A66C-4AF3-99AC-1E974A03185E}
		{5598CD03-E963-448B-A4CF-B12830728F75} = {9F9257C9-BFDF-4C0D-859E-E0A24EA68212}
		{56A9FDA2-5479-4087-B9E4-4F614D92A759} = {1FE351B6-8E84-4C1D-9E33-448936B3D93A}
		{C442EA96-F96A-463A-8949-AC1B40746B62} = {E6169675-AE4A-458A-845C-C6181C997401}
		{263EAD59-0312-4F6B-8460-A253C8DE0150} = {7DCA0A18-720B-466E-8902-D0E4866A8478}
		{8A3EEB9C-D41D-4472-9373-DC168CBF6785} = {CF8B52B7-C480-46B4-B779-F507BBE39468}
		{E48A627A-7AFA-4E52-87B2-0D99035E308F} = {A95507A0-6CE4-439A-8165-0E782385AC92}
		{672A398F-7025-4EB8-9DA3-715A45C4776B} = {7125DE56-2E6A-43AC-AB70-A108106E53A1}
		{DA15C8D9-367D-4F24-8818-32B976241022} = {EFBA5283-1CE3-4CE7-B2FC-F8F6D0B34D7B}
	EndGlobalSection
	GlobalSection(ExtensibilityGlobals) = postSolution
		SolutionGuid = {5667A3B1-FDEA-4D56-837F-725CDC9D6EEA}
	EndGlobalSection
EndGlobal
